// !$*UTF8*$!
{
	archiveVersion = 1;
	classes = {
	};
	objectVersion = 56;
	objects = {

/* Begin PBXBuildFile section */
		CEC96BF12BF808E7006D37EA /* MovieScotiabankApp.swift in Sources */ = {isa = PBXBuildFile; fileRef = CEC96BF02BF808E7006D37EA /* MovieScotiabankApp.swift */; };
		CEC96BF32BF808E7006D37EA /* ContentView.swift in Sources */ = {isa = PBXBuildFile; fileRef = CEC96BF22BF808E7006D37EA /* ContentView.swift */; };
		CEC96BF52BF808EA006D37EA /* Assets.xcassets in Resources */ = {isa = PBXBuildFile; fileRef = CEC96BF42BF808EA006D37EA /* Assets.xcassets */; };
		CEC96BF82BF808EA006D37EA /* Preview Assets.xcassets in Resources */ = {isa = PBXBuildFile; fileRef = CEC96BF72BF808EA006D37EA /* Preview Assets.xcassets */; };
		CEC96BFA2BF808EA006D37EA /* Persistence.swift in Sources */ = {isa = PBXBuildFile; fileRef = CEC96BF92BF808EA006D37EA /* Persistence.swift */; };
		CEC96BFD2BF808EA006D37EA /* MovieScotiabank.xcdatamodeld in Sources */ = {isa = PBXBuildFile; fileRef = CEC96BFB2BF808EA006D37EA /* MovieScotiabank.xcdatamodeld */; };
		CEC96C072BF808EB006D37EA /* MovieScotiabankTests.swift in Sources */ = {isa = PBXBuildFile; fileRef = CEC96C062BF808EB006D37EA /* MovieScotiabankTests.swift */; };
		CEC96C112BF808EB006D37EA /* MovieScotiabankUITests.swift in Sources */ = {isa = PBXBuildFile; fileRef = CEC96C102BF808EB006D37EA /* MovieScotiabankUITests.swift */; };
		CEC96C132BF808EB006D37EA /* MovieScotiabankUITestsLaunchTests.swift in Sources */ = {isa = PBXBuildFile; fileRef = CEC96C122BF808EB006D37EA /* MovieScotiabankUITestsLaunchTests.swift */; };
/* End PBXBuildFile section */

/* Begin PBXContainerItemProxy section */
		CEC96C032BF808EB006D37EA /* PBXContainerItemProxy */ = {
			isa = PBXContainerItemProxy;
			containerPortal = CEC96BE52BF808E7006D37EA /* Project object */;
			proxyType = 1;
			remoteGlobalIDString = CEC96BEC2BF808E7006D37EA;
			remoteInfo = MovieScotiabank;
		};
		CEC96C0D2BF808EB006D37EA /* PBXContainerItemProxy */ = {
			isa = PBXContainerItemProxy;
			containerPortal = CEC96BE52BF808E7006D37EA /* Project object */;
			proxyType = 1;
			remoteGlobalIDString = CEC96BEC2BF808E7006D37EA;
			remoteInfo = MovieScotiabank;
		};
/* End PBXContainerItemProxy section */

/* Begin PBXFileReference section */
		CEC96BED2BF808E7006D37EA /* MovieScotiabank.app */ = {isa = PBXFileReference; explicitFileType = wrapper.application; includeInIndex = 0; path = MovieScotiabank.app; sourceTree = BUILT_PRODUCTS_DIR; };
		CEC96BF02BF808E7006D37EA /* MovieScotiabankApp.swift */ = {isa = PBXFileReference; lastKnownFileType = sourcecode.swift; path = MovieScotiabankApp.swift; sourceTree = "<group>"; };
		CEC96BF22BF808E7006D37EA /* ContentView.swift */ = {isa = PBXFileReference; lastKnownFileType = sourcecode.swift; path = ContentView.swift; sourceTree = "<group>"; };
		CEC96BF42BF808EA006D37EA /* Assets.xcassets */ = {isa = PBXFileReference; lastKnownFileType = folder.assetcatalog; path = Assets.xcassets; sourceTree = "<group>"; };
		CEC96BF72BF808EA006D37EA /* Preview Assets.xcassets */ = {isa = PBXFileReference; lastKnownFileType = folder.assetcatalog; path = "Preview Assets.xcassets"; sourceTree = "<group>"; };
		CEC96BF92BF808EA006D37EA /* Persistence.swift */ = {isa = PBXFileReference; lastKnownFileType = sourcecode.swift; path = Persistence.swift; sourceTree = "<group>"; };
		CEC96BFC2BF808EA006D37EA /* MovieScotiabank.xcdatamodel */ = {isa = PBXFileReference; lastKnownFileType = wrapper.xcdatamodel; path = MovieScotiabank.xcdatamodel; sourceTree = "<group>"; };
		CEC96C022BF808EB006D37EA /* MovieScotiabankTests.xctest */ = {isa = PBXFileReference; explicitFileType = wrapper.cfbundle; includeInIndex = 0; path = MovieScotiabankTests.xctest; sourceTree = BUILT_PRODUCTS_DIR; };
		CEC96C062BF808EB006D37EA /* MovieScotiabankTests.swift */ = {isa = PBXFileReference; lastKnownFileType = sourcecode.swift; path = MovieScotiabankTests.swift; sourceTree = "<group>"; };
		CEC96C0C2BF808EB006D37EA /* MovieScotiabankUITests.xctest */ = {isa = PBXFileReference; explicitFileType = wrapper.cfbundle; includeInIndex = 0; path = MovieScotiabankUITests.xctest; sourceTree = BUILT_PRODUCTS_DIR; };
		CEC96C102BF808EB006D37EA /* MovieScotiabankUITests.swift */ = {isa = PBXFileReference; lastKnownFileType = sourcecode.swift; path = MovieScotiabankUITests.swift; sourceTree = "<group>"; };
		CEC96C122BF808EB006D37EA /* MovieScotiabankUITestsLaunchTests.swift */ = {isa = PBXFileReference; lastKnownFileType = sourcecode.swift; path = MovieScotiabankUITestsLaunchTests.swift; sourceTree = "<group>"; };
/* End PBXFileReference section */

/* Begin PBXFrameworksBuildPhase section */
		CEC96BEA2BF808E7006D37EA /* Frameworks */ = {
			isa = PBXFrameworksBuildPhase;
			buildActionMask = 2147483647;
			files = (
			);
			runOnlyForDeploymentPostprocessing = 0;
		};
		CEC96BFF2BF808EB006D37EA /* Frameworks */ = {
			isa = PBXFrameworksBuildPhase;
			buildActionMask = 2147483647;
			files = (
			);
			runOnlyForDeploymentPostprocessing = 0;
		};
		CEC96C092BF808EB006D37EA /* Frameworks */ = {
			isa = PBXFrameworksBuildPhase;
			buildActionMask = 2147483647;
			files = (
			);
			runOnlyForDeploymentPostprocessing = 0;
		};
/* End PBXFrameworksBuildPhase section */

/* Begin PBXGroup section */
		CEC96BE42BF808E7006D37EA = {
			isa = PBXGroup;
			children = (
				CEC96BEF2BF808E7006D37EA /* MovieScotiabank */,
				CEC96C052BF808EB006D37EA /* MovieScotiabankTests */,
				CEC96C0F2BF808EB006D37EA /* MovieScotiabankUITests */,
				CEC96BEE2BF808E7006D37EA /* Products */,
			);
			sourceTree = "<group>";
		};
		CEC96BEE2BF808E7006D37EA /* Products */ = {
			isa = PBXGroup;
			children = (
				CEC96BED2BF808E7006D37EA /* MovieScotiabank.app */,
				CEC96C022BF808EB006D37EA /* MovieScotiabankTests.xctest */,
				CEC96C0C2BF808EB006D37EA /* MovieScotiabankUITests.xctest */,
			);
			name = Products;
			sourceTree = "<group>";
		};
		CEC96BEF2BF808E7006D37EA /* MovieScotiabank */ = {
			isa = PBXGroup;
			children = (
				CEC96BF02BF808E7006D37EA /* MovieScotiabankApp.swift */,
				CEC96BF22BF808E7006D37EA /* ContentView.swift */,
				CEC96BF42BF808EA006D37EA /* Assets.xcassets */,
				CEC96BF92BF808EA006D37EA /* Persistence.swift */,
				CEC96BFB2BF808EA006D37EA /* MovieScotiabank.xcdatamodeld */,
				CEC96BF62BF808EA006D37EA /* Preview Content */,
			);
			path = MovieScotiabank;
			sourceTree = "<group>";
		};
		CEC96BF62BF808EA006D37EA /* Preview Content */ = {
			isa = PBXGroup;
			children = (
				CEC96BF72BF808EA006D37EA /* Preview Assets.xcassets */,
			);
			path = "Preview Content";
			sourceTree = "<group>";
		};
		CEC96C052BF808EB006D37EA /* MovieScotiabankTests */ = {
			isa = PBXGroup;
			children = (
				CEC96C062BF808EB006D37EA /* MovieScotiabankTests.swift */,
			);
			path = MovieScotiabankTests;
			sourceTree = "<group>";
		};
		CEC96C0F2BF808EB006D37EA /* MovieScotiabankUITests */ = {
			isa = PBXGroup;
			children = (
				CEC96C102BF808EB006D37EA /* MovieScotiabankUITests.swift */,
				CEC96C122BF808EB006D37EA /* MovieScotiabankUITestsLaunchTests.swift */,
			);
			path = MovieScotiabankUITests;
			sourceTree = "<group>";
		};
/* End PBXGroup section */

/* Begin PBXNativeTarget section */
		CEC96BEC2BF808E7006D37EA /* MovieScotiabank */ = {
			isa = PBXNativeTarget;
			buildConfigurationList = CEC96C162BF808EB006D37EA /* Build configuration list for PBXNativeTarget "MovieScotiabank" */;
			buildPhases = (
				CEC96BE92BF808E7006D37EA /* Sources */,
				CEC96BEA2BF808E7006D37EA /* Frameworks */,
				CEC96BEB2BF808E7006D37EA /* Resources */,
			);
			buildRules = (
			);
			dependencies = (
			);
			name = MovieScotiabank;
			productName = MovieScotiabank;
			productReference = CEC96BED2BF808E7006D37EA /* MovieScotiabank.app */;
			productType = "com.apple.product-type.application";
		};
		CEC96C012BF808EB006D37EA /* MovieScotiabankTests */ = {
			isa = PBXNativeTarget;
			buildConfigurationList = CEC96C192BF808EB006D37EA /* Build configuration list for PBXNativeTarget "MovieScotiabankTests" */;
			buildPhases = (
				CEC96BFE2BF808EB006D37EA /* Sources */,
				CEC96BFF2BF808EB006D37EA /* Frameworks */,
				CEC96C002BF808EB006D37EA /* Resources */,
			);
			buildRules = (
			);
			dependencies = (
				CEC96C042BF808EB006D37EA /* PBXTargetDependency */,
			);
			name = MovieScotiabankTests;
			productName = MovieScotiabankTests;
			productReference = CEC96C022BF808EB006D37EA /* MovieScotiabankTests.xctest */;
			productType = "com.apple.product-type.bundle.unit-test";
		};
		CEC96C0B2BF808EB006D37EA /* MovieScotiabankUITests */ = {
			isa = PBXNativeTarget;
			buildConfigurationList = CEC96C1C2BF808EB006D37EA /* Build configuration list for PBXNativeTarget "MovieScotiabankUITests" */;
			buildPhases = (
				CEC96C082BF808EB006D37EA /* Sources */,
				CEC96C092BF808EB006D37EA /* Frameworks */,
				CEC96C0A2BF808EB006D37EA /* Resources */,
			);
			buildRules = (
			);
			dependencies = (
				CEC96C0E2BF808EB006D37EA /* PBXTargetDependency */,
			);
			name = MovieScotiabankUITests;
			productName = MovieScotiabankUITests;
			productReference = CEC96C0C2BF808EB006D37EA /* MovieScotiabankUITests.xctest */;
			productType = "com.apple.product-type.bundle.ui-testing";
		};
/* End PBXNativeTarget section */

/* Begin PBXProject section */
		CEC96BE52BF808E7006D37EA /* Project object */ = {
			isa = PBXProject;
			attributes = {
				BuildIndependentTargetsInParallel = 1;
				LastSwiftUpdateCheck = 1530;
				LastUpgradeCheck = 1530;
				TargetAttributes = {
					CEC96BEC2BF808E7006D37EA = {
						CreatedOnToolsVersion = 15.3;
					};
					CEC96C012BF808EB006D37EA = {
						CreatedOnToolsVersion = 15.3;
						TestTargetID = CEC96BEC2BF808E7006D37EA;
					};
					CEC96C0B2BF808EB006D37EA = {
						CreatedOnToolsVersion = 15.3;
						TestTargetID = CEC96BEC2BF808E7006D37EA;
					};
				};
			};
			buildConfigurationList = CEC96BE82BF808E7006D37EA /* Build configuration list for PBXProject "MovieScotiabank" */;
			compatibilityVersion = "Xcode 14.0";
			developmentRegion = en;
			hasScannedForEncodings = 0;
			knownRegions = (
				en,
				Base,
			);
			mainGroup = CEC96BE42BF808E7006D37EA;
			productRefGroup = CEC96BEE2BF808E7006D37EA /* Products */;
			projectDirPath = "";
			projectRoot = "";
			targets = (
				CEC96BEC2BF808E7006D37EA /* MovieScotiabank */,
				CEC96C012BF808EB006D37EA /* MovieScotiabankTests */,
				CEC96C0B2BF808EB006D37EA /* MovieScotiabankUITests */,
			);
		};
/* End PBXProject section */

/* Begin PBXResourcesBuildPhase section */
		CEC96BEB2BF808E7006D37EA /* Resources */ = {
			isa = PBXResourcesBuildPhase;
			buildActionMask = 2147483647;
			files = (
				CEC96BF82BF808EA006D37EA /* Preview Assets.xcassets in Resources */,
				CEC96BF52BF808EA006D37EA /* Assets.xcassets in Resources */,
			);
			runOnlyForDeploymentPostprocessing = 0;
		};
		CEC96C002BF808EB006D37EA /* Resources */ = {
			isa = PBXResourcesBuildPhase;
			buildActionMask = 2147483647;
			files = (
			);
			runOnlyForDeploymentPostprocessing = 0;
		};
		CEC96C0A2BF808EB006D37EA /* Resources */ = {
			isa = PBXResourcesBuildPhase;
			buildActionMask = 2147483647;
			files = (
			);
			runOnlyForDeploymentPostprocessing = 0;
		};
/* End PBXResourcesBuildPhase section */

/* Begin PBXSourcesBuildPhase section */
		CEC96BE92BF808E7006D37EA /* Sources */ = {
			isa = PBXSourcesBuildPhase;
			buildActionMask = 2147483647;
			files = (
				CEC96BFA2BF808EA006D37EA /* Persistence.swift in Sources */,
				CEC96BF32BF808E7006D37EA /* ContentView.swift in Sources */,
				CEC96BF12BF808E7006D37EA /* MovieScotiabankApp.swift in Sources */,
				CEC96BFD2BF808EA006D37EA /* MovieScotiabank.xcdatamodeld in Sources */,
			);
			runOnlyForDeploymentPostprocessing = 0;
		};
		CEC96BFE2BF808EB006D37EA /* Sources */ = {
			isa = PBXSourcesBuildPhase;
			buildActionMask = 2147483647;
			files = (
				CEC96C072BF808EB006D37EA /* MovieScotiabankTests.swift in Sources */,
			);
			runOnlyForDeploymentPostprocessing = 0;
		};
		CEC96C082BF808EB006D37EA /* Sources */ = {
			isa = PBXSourcesBuildPhase;
			buildActionMask = 2147483647;
			files = (
				CEC96C132BF808EB006D37EA /* MovieScotiabankUITestsLaunchTests.swift in Sources */,
				CEC96C112BF808EB006D37EA /* MovieScotiabankUITests.swift in Sources */,
			);
			runOnlyForDeploymentPostprocessing = 0;
		};
/* End PBXSourcesBuildPhase section */

/* Begin PBXTargetDependency section */
		CEC96C042BF808EB006D37EA /* PBXTargetDependency */ = {
			isa = PBXTargetDependency;
			target = CEC96BEC2BF808E7006D37EA /* MovieScotiabank */;
			targetProxy = CEC96C032BF808EB006D37EA /* PBXContainerItemProxy */;
		};
		CEC96C0E2BF808EB006D37EA /* PBXTargetDependency */ = {
			isa = PBXTargetDependency;
			target = CEC96BEC2BF808E7006D37EA /* MovieScotiabank */;
			targetProxy = CEC96C0D2BF808EB006D37EA /* PBXContainerItemProxy */;
		};
/* End PBXTargetDependency section */

/* Begin XCBuildConfiguration section */
		CEC96C142BF808EB006D37EA /* Debug */ = {
			isa = XCBuildConfiguration;
			buildSettings = {
				ALWAYS_SEARCH_USER_PATHS = NO;
				ASSETCATALOG_COMPILER_GENERATE_SWIFT_ASSET_SYMBOL_EXTENSIONS = YES;
				CLANG_ANALYZER_NONNULL = YES;
				CLANG_ANALYZER_NUMBER_OBJECT_CONVERSION = YES_AGGRESSIVE;
				CLANG_CXX_LANGUAGE_STANDARD = "gnu++20";
				CLANG_ENABLE_MODULES = YES;
				CLANG_ENABLE_OBJC_ARC = YES;
				CLANG_ENABLE_OBJC_WEAK = YES;
				CLANG_WARN_BLOCK_CAPTURE_AUTORELEASING = YES;
				CLANG_WARN_BOOL_CONVERSION = YES;
				CLANG_WARN_COMMA = YES;
				CLANG_WARN_CONSTANT_CONVERSION = YES;
				CLANG_WARN_DEPRECATED_OBJC_IMPLEMENTATIONS = YES;
				CLANG_WARN_DIRECT_OBJC_ISA_USAGE = YES_ERROR;
				CLANG_WARN_DOCUMENTATION_COMMENTS = YES;
				CLANG_WARN_EMPTY_BODY = YES;
				CLANG_WARN_ENUM_CONVERSION = YES;
				CLANG_WARN_INFINITE_RECURSION = YES;
				CLANG_WARN_INT_CONVERSION = YES;
				CLANG_WARN_NON_LITERAL_NULL_CONVERSION = YES;
				CLANG_WARN_OBJC_IMPLICIT_RETAIN_SELF = YES;
				CLANG_WARN_OBJC_LITERAL_CONVERSION = YES;
				CLANG_WARN_OBJC_ROOT_CLASS = YES_ERROR;
				CLANG_WARN_QUOTED_INCLUDE_IN_FRAMEWORK_HEADER = YES;
				CLANG_WARN_RANGE_LOOP_ANALYSIS = YES;
				CLANG_WARN_STRICT_PROTOTYPES = YES;
				CLANG_WARN_SUSPICIOUS_MOVE = YES;
				CLANG_WARN_UNGUARDED_AVAILABILITY = YES_AGGRESSIVE;
				CLANG_WARN_UNREACHABLE_CODE = YES;
				CLANG_WARN__DUPLICATE_METHOD_MATCH = YES;
				COPY_PHASE_STRIP = NO;
				DEBUG_INFORMATION_FORMAT = dwarf;
				ENABLE_STRICT_OBJC_MSGSEND = YES;
				ENABLE_TESTABILITY = YES;
				ENABLE_USER_SCRIPT_SANDBOXING = YES;
				GCC_C_LANGUAGE_STANDARD = gnu17;
				GCC_DYNAMIC_NO_PIC = NO;
				GCC_NO_COMMON_BLOCKS = YES;
				GCC_OPTIMIZATION_LEVEL = 0;
				GCC_PREPROCESSOR_DEFINITIONS = (
					"DEBUG=1",
					"$(inherited)",
				);
				GCC_WARN_64_TO_32_BIT_CONVERSION = YES;
				GCC_WARN_ABOUT_RETURN_TYPE = YES_ERROR;
				GCC_WARN_UNDECLARED_SELECTOR = YES;
				GCC_WARN_UNINITIALIZED_AUTOS = YES_AGGRESSIVE;
				GCC_WARN_UNUSED_FUNCTION = YES;
				GCC_WARN_UNUSED_VARIABLE = YES;
				IPHONEOS_DEPLOYMENT_TARGET = 17.4;
				LOCALIZATION_PREFERS_STRING_CATALOGS = YES;
				MTL_ENABLE_DEBUG_INFO = INCLUDE_SOURCE;
				MTL_FAST_MATH = YES;
				ONLY_ACTIVE_ARCH = YES;
				SDKROOT = iphoneos;
				SWIFT_ACTIVE_COMPILATION_CONDITIONS = "DEBUG $(inherited)";
				SWIFT_OPTIMIZATION_LEVEL = "-Onone";
			};
			name = Debug;
		};
		CEC96C152BF808EB006D37EA /* Release */ = {
			isa = XCBuildConfiguration;
			buildSettings = {
				ALWAYS_SEARCH_USER_PATHS = NO;
				ASSETCATALOG_COMPILER_GENERATE_SWIFT_ASSET_SYMBOL_EXTENSIONS = YES;
				CLANG_ANALYZER_NONNULL = YES;
				CLANG_ANALYZER_NUMBER_OBJECT_CONVERSION = YES_AGGRESSIVE;
				CLANG_CXX_LANGUAGE_STANDARD = "gnu++20";
				CLANG_ENABLE_MODULES = YES;
				CLANG_ENABLE_OBJC_ARC = YES;
				CLANG_ENABLE_OBJC_WEAK = YES;
				CLANG_WARN_BLOCK_CAPTURE_AUTORELEASING = YES;
				CLANG_WARN_BOOL_CONVERSION = YES;
				CLANG_WARN_COMMA = YES;
				CLANG_WARN_CONSTANT_CONVERSION = YES;
				CLANG_WARN_DEPRECATED_OBJC_IMPLEMENTATIONS = YES;
				CLANG_WARN_DIRECT_OBJC_ISA_USAGE = YES_ERROR;
				CLANG_WARN_DOCUMENTATION_COMMENTS = YES;
				CLANG_WARN_EMPTY_BODY = YES;
				CLANG_WARN_ENUM_CONVERSION = YES;
				CLANG_WARN_INFINITE_RECURSION = YES;
				CLANG_WARN_INT_CONVERSION = YES;
				CLANG_WARN_NON_LITERAL_NULL_CONVERSION = YES;
				CLANG_WARN_OBJC_IMPLICIT_RETAIN_SELF = YES;
				CLANG_WARN_OBJC_LITERAL_CONVERSION = YES;
				CLANG_WARN_OBJC_ROOT_CLASS = YES_ERROR;
				CLANG_WARN_QUOTED_INCLUDE_IN_FRAMEWORK_HEADER = YES;
				CLANG_WARN_RANGE_LOOP_ANALYSIS = YES;
				CLANG_WARN_STRICT_PROTOTYPES = YES;
				CLANG_WARN_SUSPICIOUS_MOVE = YES;
				CLANG_WARN_UNGUARDED_AVAILABILITY = YES_AGGRESSIVE;
				CLANG_WARN_UNREACHABLE_CODE = YES;
				CLANG_WARN__DUPLICATE_METHOD_MATCH = YES;
				COPY_PHASE_STRIP = NO;
				DEBUG_INFORMATION_FORMAT = "dwarf-with-dsym";
				ENABLE_NS_ASSERTIONS = NO;
				ENABLE_STRICT_OBJC_MSGSEND = YES;
				ENABLE_USER_SCRIPT_SANDBOXING = YES;
				GCC_C_LANGUAGE_STANDARD = gnu17;
				GCC_NO_COMMON_BLOCKS = YES;
				GCC_WARN_64_TO_32_BIT_CONVERSION = YES;
				GCC_WARN_ABOUT_RETURN_TYPE = YES_ERROR;
				GCC_WARN_UNDECLARED_SELECTOR = YES;
				GCC_WARN_UNINITIALIZED_AUTOS = YES_AGGRESSIVE;
				GCC_WARN_UNUSED_FUNCTION = YES;
				GCC_WARN_UNUSED_VARIABLE = YES;
				IPHONEOS_DEPLOYMENT_TARGET = 17.4;
				LOCALIZATION_PREFERS_STRING_CATALOGS = YES;
				MTL_ENABLE_DEBUG_INFO = NO;
				MTL_FAST_MATH = YES;
				SDKROOT = iphoneos;
				SWIFT_COMPILATION_MODE = wholemodule;
				VALIDATE_PRODUCT = YES;
			};
			name = Release;
		};
		CEC96C172BF808EB006D37EA /* Debug */ = {
			isa = XCBuildConfiguration;
			buildSettings = {
				ASSETCATALOG_COMPILER_APPICON_NAME = AppIcon;
				ASSETCATALOG_COMPILER_GLOBAL_ACCENT_COLOR_NAME = AccentColor;
				CODE_SIGN_STYLE = Automatic;
				CURRENT_PROJECT_VERSION = 1;
				DEVELOPMENT_ASSET_PATHS = "\"MovieScotiabank/Preview Content\"";
				ENABLE_PREVIEWS = YES;
				GENERATE_INFOPLIST_FILE = YES;
				INFOPLIST_KEY_UIApplicationSceneManifest_Generation = YES;
				INFOPLIST_KEY_UIApplicationSupportsIndirectInputEvents = YES;
				INFOPLIST_KEY_UILaunchScreen_Generation = YES;
				INFOPLIST_KEY_UISupportedInterfaceOrientations_iPad = "UIInterfaceOrientationPortrait UIInterfaceOrientationPortraitUpsideDown UIInterfaceOrientationLandscapeLeft UIInterfaceOrientationLandscapeRight";
				INFOPLIST_KEY_UISupportedInterfaceOrientations_iPhone = "UIInterfaceOrientationPortrait UIInterfaceOrientationLandscapeLeft UIInterfaceOrientationLandscapeRight";
				LD_RUNPATH_SEARCH_PATHS = (
					"$(inherited)",
					"@executable_path/Frameworks",
				);
				MARKETING_VERSION = 1.0;
				PRODUCT_BUNDLE_IDENTIFIER = com.santiagoHernandez.MovieScotiabank;
				PRODUCT_NAME = "$(TARGET_NAME)";
				SWIFT_EMIT_LOC_STRINGS = YES;
				SWIFT_VERSION = 5.0;
				TARGETED_DEVICE_FAMILY = "1,2";
			};
			name = Debug;
		};
		CEC96C182BF808EB006D37EA /* Release */ = {
			isa = XCBuildConfiguration;
			buildSettings = {
				ASSETCATALOG_COMPILER_APPICON_NAME = AppIcon;
				ASSETCATALOG_COMPILER_GLOBAL_ACCENT_COLOR_NAME = AccentColor;
				CODE_SIGN_STYLE = Automatic;
				CURRENT_PROJECT_VERSION = 1;
				DEVELOPMENT_ASSET_PATHS = "\"MovieScotiabank/Preview Content\"";
				ENABLE_PREVIEWS = YES;
				GENERATE_INFOPLIST_FILE = YES;
				INFOPLIST_KEY_UIApplicationSceneManifest_Generation = YES;
				INFOPLIST_KEY_UIApplicationSupportsIndirectInputEvents = YES;
				INFOPLIST_KEY_UILaunchScreen_Generation = YES;
				INFOPLIST_KEY_UISupportedInterfaceOrientations_iPad = "UIInterfaceOrientationPortrait UIInterfaceOrientationPortraitUpsideDown UIInterfaceOrientationLandscapeLeft UIInterfaceOrientationLandscapeRight";
				INFOPLIST_KEY_UISupportedInterfaceOrientations_iPhone = "UIInterfaceOrientationPortrait UIInterfaceOrientationLandscapeLeft UIInterfaceOrientationLandscapeRight";
				LD_RUNPATH_SEARCH_PATHS = (
					"$(inherited)",
					"@executable_path/Frameworks",
				);
				MARKETING_VERSION = 1.0;
				PRODUCT_BUNDLE_IDENTIFIER = com.santiagoHernandez.MovieScotiabank;
				PRODUCT_NAME = "$(TARGET_NAME)";
				SWIFT_EMIT_LOC_STRINGS = YES;
				SWIFT_VERSION = 5.0;
				TARGETED_DEVICE_FAMILY = "1,2";
			};
			name = Release;
		};
		CEC96C1A2BF808EB006D37EA /* Debug */ = {
			isa = XCBuildConfiguration;
			buildSettings = {
				ALWAYS_EMBED_SWIFT_STANDARD_LIBRARIES = YES;
				BUNDLE_LOADER = "$(TEST_HOST)";
				CODE_SIGN_STYLE = Automatic;
				CURRENT_PROJECT_VERSION = 1;
				GENERATE_INFOPLIST_FILE = YES;
				IPHONEOS_DEPLOYMENT_TARGET = 17.4;
				MARKETING_VERSION = 1.0;
				PRODUCT_BUNDLE_IDENTIFIER = com.santiagoHernandez.MovieScotiabankTests;
				PRODUCT_NAME = "$(TARGET_NAME)";
				SWIFT_EMIT_LOC_STRINGS = NO;
				SWIFT_VERSION = 5.0;
				TARGETED_DEVICE_FAMILY = "1,2";
				TEST_HOST = "$(BUILT_PRODUCTS_DIR)/MovieScotiabank.app/$(BUNDLE_EXECUTABLE_FOLDER_PATH)/MovieScotiabank";
			};
			name = Debug;
		};
		CEC96C1B2BF808EB006D37EA /* Release */ = {
			isa = XCBuildConfiguration;
			buildSettings = {
				ALWAYS_EMBED_SWIFT_STANDARD_LIBRARIES = YES;
				BUNDLE_LOADER = "$(TEST_HOST)";
				CODE_SIGN_STYLE = Automatic;
				CURRENT_PROJECT_VERSION = 1;
				GENERATE_INFOPLIST_FILE = YES;
				IPHONEOS_DEPLOYMENT_TARGET = 17.4;
				MARKETING_VERSION = 1.0;
				PRODUCT_BUNDLE_IDENTIFIER = com.santiagoHernandez.MovieScotiabankTests;
				PRODUCT_NAME = "$(TARGET_NAME)";
				SWIFT_EMIT_LOC_STRINGS = NO;
				SWIFT_VERSION = 5.0;
				TARGETED_DEVICE_FAMILY = "1,2";
				TEST_HOST = "$(BUILT_PRODUCTS_DIR)/MovieScotiabank.app/$(BUNDLE_EXECUTABLE_FOLDER_PATH)/MovieScotiabank";
			};
			name = Release;
		};
		CEC96C1D2BF808EB006D37EA /* Debug */ = {
			isa = XCBuildConfiguration;
			buildSettings = {
				ALWAYS_EMBED_SWIFT_STANDARD_LIBRARIES = YES;
				CODE_SIGN_STYLE = Automatic;
				CURRENT_PROJECT_VERSION = 1;
				GENERATE_INFOPLIST_FILE = YES;
				MARKETING_VERSION = 1.0;
				PRODUCT_BUNDLE_IDENTIFIER = com.santiagoHernandez.MovieScotiabankUITests;
				PRODUCT_NAME = "$(TARGET_NAME)";
				SWIFT_EMIT_LOC_STRINGS = NO;
				SWIFT_VERSION = 5.0;
				TARGETED_DEVICE_FAMILY = "1,2";
				TEST_TARGET_NAME = MovieScotiabank;
			};
			name = Debug;
		};
		CEC96C1E2BF808EB006D37EA /* Release */ = {
			isa = XCBuildConfiguration;
			buildSettings = {
				ALWAYS_EMBED_SWIFT_STANDARD_LIBRARIES = YES;
				CODE_SIGN_STYLE = Automatic;
				CURRENT_PROJECT_VERSION = 1;
				GENERATE_INFOPLIST_FILE = YES;
				MARKETING_VERSION = 1.0;
				PRODUCT_BUNDLE_IDENTIFIER = com.santiagoHernandez.MovieScotiabankUITests;
				PRODUCT_NAME = "$(TARGET_NAME)";
				SWIFT_EMIT_LOC_STRINGS = NO;
				SWIFT_VERSION = 5.0;
				TARGETED_DEVICE_FAMILY = "1,2";
				TEST_TARGET_NAME = MovieScotiabank;
			};
			name = Release;
		};
/* End XCBuildConfiguration section */

/* Begin XCConfigurationList section */
		CEC96BE82BF808E7006D37EA /* Build configuration list for PBXProject "MovieScotiabank" */ = {
			isa = XCConfigurationList;
			buildConfigurations = (
				CEC96C142BF808EB006D37EA /* Debug */,
				CEC96C152BF808EB006D37EA /* Release */,
			);
			defaultConfigurationIsVisible = 0;
			defaultConfigurationName = Release;
		};
		CEC96C162BF808EB006D37EA /* Build configuration list for PBXNativeTarget "MovieScotiabank" */ = {
			isa = XCConfigurationList;
			buildConfigurations = (
				CEC96C172BF808EB006D37EA /* Debug */,
				CEC96C182BF808EB006D37EA /* Release */,
			);
			defaultConfigurationIsVisible = 0;
			defaultConfigurationName = Release;
		};
		CEC96C192BF808EB006D37EA /* Build configuration list for PBXNativeTarget "MovieScotiabankTests" */ = {
			isa = XCConfigurationList;
			buildConfigurations = (
				CEC96C1A2BF808EB006D37EA /* Debug */,
				CEC96C1B2BF808EB006D37EA /* Release */,
			);
			defaultConfigurationIsVisible = 0;
			defaultConfigurationName = Release;
		};
		CEC96C1C2BF808EB006D37EA /* Build configuration list for PBXNativeTarget "MovieScotiabankUITests" */ = {
			isa = XCConfigurationList;
			buildConfigurations = (
				CEC96C1D2BF808EB006D37EA /* Debug */,
				CEC96C1E2BF808EB006D37EA /* Release */,
			);
			defaultConfigurationIsVisible = 0;
			defaultConfigurationName = Release;
		};
/* End XCConfigurationList section */

/* Begin XCVersionGroup section */
		CEC96BFB2BF808EA006D37EA /* MovieScotiabank.xcdatamodeld */ = {
			isa = XCVersionGroup;
			children = (
				CEC96BFC2BF808EA006D37EA /* MovieScotiabank.xcdatamodel */,
			);
			currentVersion = CEC96BFC2BF808EA006D37EA /* MovieScotiabank.xcdatamodel */;
			path = MovieScotiabank.xcdatamodeld;
			sourceTree = "<group>";
			versionGroupType = wrapper.xcdatamodel;
		};
/* End XCVersionGroup section */
	};
	rootObject = CEC96BE52BF808E7006D37EA /* Project object */;
}
